// !$*UTF8*$!
{
	archiveVersion = 1;
	classes = {
	};
	objectVersion = 56;
	objects = {

/* Begin PBXBuildFile section */
		371C75A52991737C005ADD2F /* Extention.swift in Sources */ = {isa = PBXBuildFile; fileRef = 371C75A42991737C005ADD2F /* Extention.swift */; };
		371F43482992E41E00D4AB29 /* BarcodePersistance.xcdatamodeld in Sources */ = {isa = PBXBuildFile; fileRef = 371F43462992E41E00D4AB29 /* BarcodePersistance.xcdatamodeld */; };
		3729D5BD298E93A100CBC78E /* BarcodeView.swift in Sources */ = {isa = PBXBuildFile; fileRef = 3729D5BC298E93A100CBC78E /* BarcodeView.swift */; };
		3729D5D9298EB39900CBC78E /* ProductView.swift in Sources */ = {isa = PBXBuildFile; fileRef = 3729D5D8298EB39900CBC78E /* ProductView.swift */; };
		3729D5E4299035C500CBC78E /* ProductModel.swift in Sources */ = {isa = PBXBuildFile; fileRef = 3729D5E3299035C500CBC78E /* ProductModel.swift */; };
		3729D5E6299042CC00CBC78E /* AdditivesView.swift in Sources */ = {isa = PBXBuildFile; fileRef = 3729D5E5299042CC00CBC78E /* AdditivesView.swift */; };
		3729D5E829904BCC00CBC78E /* AdditiveDetail.swift in Sources */ = {isa = PBXBuildFile; fileRef = 3729D5E729904BCC00CBC78E /* AdditiveDetail.swift */; };
		37AA225E2982E20E008A19BF /* PassionFoodApp.swift in Sources */ = {isa = PBXBuildFile; fileRef = 37AA225D2982E20E008A19BF /* PassionFoodApp.swift */; };
		37AA22602982E20E008A19BF /* ContentView.swift in Sources */ = {isa = PBXBuildFile; fileRef = 37AA225F2982E20E008A19BF /* ContentView.swift */; };
		37AA22622982E210008A19BF /* Assets.xcassets in Resources */ = {isa = PBXBuildFile; fileRef = 37AA22612982E210008A19BF /* Assets.xcassets */; };
		37AA22652982E210008A19BF /* Preview Assets.xcassets in Resources */ = {isa = PBXBuildFile; fileRef = 37AA22642982E210008A19BF /* Preview Assets.xcassets */; };
		37AA226C2982E335008A19BF /* InfoTable.swift in Sources */ = {isa = PBXBuildFile; fileRef = 37AA226B2982E335008A19BF /* InfoTable.swift */; };
		37AA227429831DF7008A19BF /* InfoTableViewModel.swift in Sources */ = {isa = PBXBuildFile; fileRef = 37AA227329831DF7008A19BF /* InfoTableViewModel.swift */; };
/* End PBXBuildFile section */

/* Begin PBXFileReference section */
		371C75A329916098005ADD2F /* StringRange.playground */ = {isa = PBXFileReference; lastKnownFileType = file.playground; path = StringRange.playground; sourceTree = "<group>"; xcLanguageSpecificationIdentifier = xcode.lang.swift; };
		371C75A42991737C005ADD2F /* Extention.swift */ = {isa = PBXFileReference; lastKnownFileType = sourcecode.swift; path = Extention.swift; sourceTree = "<group>"; };
		371F43472992E41E00D4AB29 /* BarcodePersistance.xcdatamodel */ = {isa = PBXFileReference; lastKnownFileType = wrapper.xcdatamodel; path = BarcodePersistance.xcdatamodel; sourceTree = "<group>"; };
		3729D5BC298E93A100CBC78E /* BarcodeView.swift */ = {isa = PBXFileReference; lastKnownFileType = sourcecode.swift; path = BarcodeView.swift; sourceTree = "<group>"; };
		3729D5D8298EB39900CBC78E /* ProductView.swift */ = {isa = PBXFileReference; lastKnownFileType = sourcecode.swift; path = ProductView.swift; sourceTree = "<group>"; };
		3729D5E3299035C500CBC78E /* ProductModel.swift */ = {isa = PBXFileReference; lastKnownFileType = sourcecode.swift; path = ProductModel.swift; sourceTree = "<group>"; };
		3729D5E5299042CC00CBC78E /* AdditivesView.swift */ = {isa = PBXFileReference; lastKnownFileType = sourcecode.swift; path = AdditivesView.swift; sourceTree = "<group>"; };
		3729D5E729904BCC00CBC78E /* AdditiveDetail.swift */ = {isa = PBXFileReference; lastKnownFileType = sourcecode.swift; path = AdditiveDetail.swift; sourceTree = "<group>"; };
		37AA225A2982E20E008A19BF /* PassionFood.app */ = {isa = PBXFileReference; explicitFileType = wrapper.application; includeInIndex = 0; path = PassionFood.app; sourceTree = BUILT_PRODUCTS_DIR; };
		37AA225D2982E20E008A19BF /* PassionFoodApp.swift */ = {isa = PBXFileReference; lastKnownFileType = sourcecode.swift; path = PassionFoodApp.swift; sourceTree = "<group>"; };
		37AA225F2982E20E008A19BF /* ContentView.swift */ = {isa = PBXFileReference; lastKnownFileType = sourcecode.swift; path = ContentView.swift; sourceTree = "<group>"; };
		37AA22612982E210008A19BF /* Assets.xcassets */ = {isa = PBXFileReference; lastKnownFileType = folder.assetcatalog; path = Assets.xcassets; sourceTree = "<group>"; };
		37AA22642982E210008A19BF /* Preview Assets.xcassets */ = {isa = PBXFileReference; lastKnownFileType = folder.assetcatalog; path = "Preview Assets.xcassets"; sourceTree = "<group>"; };
		37AA226B2982E335008A19BF /* InfoTable.swift */ = {isa = PBXFileReference; lastKnownFileType = sourcecode.swift; path = InfoTable.swift; sourceTree = "<group>"; };
		37AA226D2982E602008A19BF /* Test.playground */ = {isa = PBXFileReference; lastKnownFileType = file.playground; path = Test.playground; sourceTree = "<group>"; xcLanguageSpecificationIdentifier = xcode.lang.swift; };
		37AA226E29830859008A19BF /* Test2.playground */ = {isa = PBXFileReference; lastKnownFileType = file.playground; path = Test2.playground; sourceTree = "<group>"; xcLanguageSpecificationIdentifier = xcode.lang.swift; };
		37AA227329831DF7008A19BF /* InfoTableViewModel.swift */ = {isa = PBXFileReference; lastKnownFileType = sourcecode.swift; path = InfoTableViewModel.swift; sourceTree = "<group>"; };
/* End PBXFileReference section */

/* Begin PBXFrameworksBuildPhase section */
		37AA22572982E20E008A19BF /* Frameworks */ = {
			isa = PBXFrameworksBuildPhase;
			buildActionMask = 2147483647;
			files = (
			);
			runOnlyForDeploymentPostprocessing = 0;
		};
/* End PBXFrameworksBuildPhase section */

/* Begin PBXGroup section */
		371C75A6299173F4005ADD2F /* Extentions */ = {
			isa = PBXGroup;
			children = (
				371C75A42991737C005ADD2F /* Extention.swift */,
			);
			path = Extentions;
			sourceTree = "<group>";
		};
		37AA22512982E20E008A19BF = {
			isa = PBXGroup;
			children = (
				37AA225C2982E20E008A19BF /* PassionFood */,
				37AA225B2982E20E008A19BF /* Products */,
			);
			sourceTree = "<group>";
		};
		37AA225B2982E20E008A19BF /* Products */ = {
			isa = PBXGroup;
			children = (
				37AA225A2982E20E008A19BF /* PassionFood.app */,
			);
			name = Products;
			sourceTree = "<group>";
		};
		37AA225C2982E20E008A19BF /* PassionFood */ = {
			isa = PBXGroup;
			children = (
				37AA225D2982E20E008A19BF /* PassionFoodApp.swift */,
				371C75A6299173F4005ADD2F /* Extentions */,
				37AA227129831608008A19BF /* Models */,
				37AA227229831627008A19BF /* ViewModels */,
				37AA2270298315F9008A19BF /* Views */,
				371F43462992E41E00D4AB29 /* BarcodePersistance.xcdatamodeld */,
				37AA22612982E210008A19BF /* Assets.xcassets */,
				37AA22632982E210008A19BF /* Preview Content */,
				37AA226D2982E602008A19BF /* Test.playground */,
				37AA226E29830859008A19BF /* Test2.playground */,
				371C75A329916098005ADD2F /* StringRange.playground */,
			);
			path = PassionFood;
			sourceTree = "<group>";
		};
		37AA22632982E210008A19BF /* Preview Content */ = {
			isa = PBXGroup;
			children = (
				37AA22642982E210008A19BF /* Preview Assets.xcassets */,
			);
			path = "Preview Content";
			sourceTree = "<group>";
		};
		37AA2270298315F9008A19BF /* Views */ = {
			isa = PBXGroup;
			children = (
				37AA225F2982E20E008A19BF /* ContentView.swift */,
				3729D5BC298E93A100CBC78E /* BarcodeView.swift */,
				3729D5D8298EB39900CBC78E /* ProductView.swift */,
				3729D5E5299042CC00CBC78E /* AdditivesView.swift */,
				3729D5E729904BCC00CBC78E /* AdditiveDetail.swift */,
			);
			path = Views;
			sourceTree = "<group>";
		};
		37AA227129831608008A19BF /* Models */ = {
			isa = PBXGroup;
			children = (
				3729D5E3299035C500CBC78E /* ProductModel.swift */,
				37AA226B2982E335008A19BF /* InfoTable.swift */,
			);
			path = Models;
			sourceTree = "<group>";
		};
		37AA227229831627008A19BF /* ViewModels */ = {
			isa = PBXGroup;
			children = (
				37AA227329831DF7008A19BF /* InfoTableViewModel.swift */,
			);
			path = ViewModels;
			sourceTree = "<group>";
		};
/* End PBXGroup section */

/* Begin PBXNativeTarget section */
		37AA22592982E20E008A19BF /* PassionFood */ = {
			isa = PBXNativeTarget;
			buildConfigurationList = 37AA22682982E210008A19BF /* Build configuration list for PBXNativeTarget "PassionFood" */;
			buildPhases = (
				37AA22562982E20E008A19BF /* Sources */,
				37AA22572982E20E008A19BF /* Frameworks */,
				37AA22582982E20E008A19BF /* Resources */,
			);
			buildRules = (
			);
			dependencies = (
			);
			name = PassionFood;
			productName = PassionFood;
			productReference = 37AA225A2982E20E008A19BF /* PassionFood.app */;
			productType = "com.apple.product-type.application";
		};
/* End PBXNativeTarget section */

/* Begin PBXProject section */
		37AA22522982E20E008A19BF /* Project object */ = {
			isa = PBXProject;
			attributes = {
				BuildIndependentTargetsInParallel = 1;
				LastSwiftUpdateCheck = 1420;
				LastUpgradeCheck = 1420;
				TargetAttributes = {
					37AA22592982E20E008A19BF = {
						CreatedOnToolsVersion = 14.2;
					};
				};
			};
			buildConfigurationList = 37AA22552982E20E008A19BF /* Build configuration list for PBXProject "PassionFood" */;
			compatibilityVersion = "Xcode 14.0";
			developmentRegion = en;
			hasScannedForEncodings = 0;
			knownRegions = (
				en,
				Base,
			);
			mainGroup = 37AA22512982E20E008A19BF;
			productRefGroup = 37AA225B2982E20E008A19BF /* Products */;
			projectDirPath = "";
			projectRoot = "";
			targets = (
				37AA22592982E20E008A19BF /* PassionFood */,
			);
		};
/* End PBXProject section */

/* Begin PBXResourcesBuildPhase section */
		37AA22582982E20E008A19BF /* Resources */ = {
			isa = PBXResourcesBuildPhase;
			buildActionMask = 2147483647;
			files = (
				37AA22652982E210008A19BF /* Preview Assets.xcassets in Resources */,
				37AA22622982E210008A19BF /* Assets.xcassets in Resources */,
			);
			runOnlyForDeploymentPostprocessing = 0;
		};
/* End PBXResourcesBuildPhase section */

/* Begin PBXSourcesBuildPhase section */
		37AA22562982E20E008A19BF /* Sources */ = {
			isa = PBXSourcesBuildPhase;
			buildActionMask = 2147483647;
			files = (
				37AA226C2982E335008A19BF /* InfoTable.swift in Sources */,
				3729D5BD298E93A100CBC78E /* BarcodeView.swift in Sources */,
				3729D5E6299042CC00CBC78E /* AdditivesView.swift in Sources */,
				37AA22602982E20E008A19BF /* ContentView.swift in Sources */,
				371C75A52991737C005ADD2F /* Extention.swift in Sources */,
				37AA225E2982E20E008A19BF /* PassionFoodApp.swift in Sources */,
				3729D5D9298EB39900CBC78E /* ProductView.swift in Sources */,
				3729D5E829904BCC00CBC78E /* AdditiveDetail.swift in Sources */,
				37AA227429831DF7008A19BF /* InfoTableViewModel.swift in Sources */,
				3729D5E4299035C500CBC78E /* ProductModel.swift in Sources */,
				371F43482992E41E00D4AB29 /* BarcodePersistance.xcdatamodeld in Sources */,
			);
			runOnlyForDeploymentPostprocessing = 0;
		};
/* End PBXSourcesBuildPhase section */

/* Begin XCBuildConfiguration section */
		37AA22662982E210008A19BF /* Debug */ = {
			isa = XCBuildConfiguration;
			buildSettings = {
				ALWAYS_SEARCH_USER_PATHS = NO;
				CLANG_ANALYZER_NONNULL = YES;
				CLANG_ANALYZER_NUMBER_OBJECT_CONVERSION = YES_AGGRESSIVE;
				CLANG_CXX_LANGUAGE_STANDARD = "gnu++20";
				CLANG_ENABLE_MODULES = YES;
				CLANG_ENABLE_OBJC_ARC = YES;
				CLANG_ENABLE_OBJC_WEAK = YES;
				CLANG_WARN_BLOCK_CAPTURE_AUTORELEASING = YES;
				CLANG_WARN_BOOL_CONVERSION = YES;
				CLANG_WARN_COMMA = YES;
				CLANG_WARN_CONSTANT_CONVERSION = YES;
				CLANG_WARN_DEPRECATED_OBJC_IMPLEMENTATIONS = YES;
				CLANG_WARN_DIRECT_OBJC_ISA_USAGE = YES_ERROR;
				CLANG_WARN_DOCUMENTATION_COMMENTS = YES;
				CLANG_WARN_EMPTY_BODY = YES;
				CLANG_WARN_ENUM_CONVERSION = YES;
				CLANG_WARN_INFINITE_RECURSION = YES;
				CLANG_WARN_INT_CONVERSION = YES;
				CLANG_WARN_NON_LITERAL_NULL_CONVERSION = YES;
				CLANG_WARN_OBJC_IMPLICIT_RETAIN_SELF = YES;
				CLANG_WARN_OBJC_LITERAL_CONVERSION = YES;
				CLANG_WARN_OBJC_ROOT_CLASS = YES_ERROR;
				CLANG_WARN_QUOTED_INCLUDE_IN_FRAMEWORK_HEADER = YES;
				CLANG_WARN_RANGE_LOOP_ANALYSIS = YES;
				CLANG_WARN_STRICT_PROTOTYPES = YES;
				CLANG_WARN_SUSPICIOUS_MOVE = YES;
				CLANG_WARN_UNGUARDED_AVAILABILITY = YES_AGGRESSIVE;
				CLANG_WARN_UNREACHABLE_CODE = YES;
				CLANG_WARN__DUPLICATE_METHOD_MATCH = YES;
				COPY_PHASE_STRIP = NO;
				DEBUG_INFORMATION_FORMAT = dwarf;
				ENABLE_STRICT_OBJC_MSGSEND = YES;
				ENABLE_TESTABILITY = YES;
				GCC_C_LANGUAGE_STANDARD = gnu11;
				GCC_DYNAMIC_NO_PIC = NO;
				GCC_NO_COMMON_BLOCKS = YES;
				GCC_OPTIMIZATION_LEVEL = 0;
				GCC_PREPROCESSOR_DEFINITIONS = (
					"DEBUG=1",
					"$(inherited)",
				);
				GCC_WARN_64_TO_32_BIT_CONVERSION = YES;
				GCC_WARN_ABOUT_RETURN_TYPE = YES_ERROR;
				GCC_WARN_UNDECLARED_SELECTOR = YES;
				GCC_WARN_UNINITIALIZED_AUTOS = YES_AGGRESSIVE;
				GCC_WARN_UNUSED_FUNCTION = YES;
				GCC_WARN_UNUSED_VARIABLE = YES;
				IPHONEOS_DEPLOYMENT_TARGET = 16.0;
				MTL_ENABLE_DEBUG_INFO = INCLUDE_SOURCE;
				MTL_FAST_MATH = YES;
				ONLY_ACTIVE_ARCH = YES;
				SDKROOT = iphoneos;
				SWIFT_ACTIVE_COMPILATION_CONDITIONS = DEBUG;
				SWIFT_OPTIMIZATION_LEVEL = "-Onone";
			};
			name = Debug;
		};
		37AA22672982E210008A19BF /* Release */ = {
			isa = XCBuildConfiguration;
			buildSettings = {
				ALWAYS_SEARCH_USER_PATHS = NO;
				CLANG_ANALYZER_NONNULL = YES;
				CLANG_ANALYZER_NUMBER_OBJECT_CONVERSION = YES_AGGRESSIVE;
				CLANG_CXX_LANGUAGE_STANDARD = "gnu++20";
				CLANG_ENABLE_MODULES = YES;
				CLANG_ENABLE_OBJC_ARC = YES;
				CLANG_ENABLE_OBJC_WEAK = YES;
				CLANG_WARN_BLOCK_CAPTURE_AUTORELEASING = YES;
				CLANG_WARN_BOOL_CONVERSION = YES;
				CLANG_WARN_COMMA = YES;
				CLANG_WARN_CONSTANT_CONVERSION = YES;
				CLANG_WARN_DEPRECATED_OBJC_IMPLEMENTATIONS = YES;
				CLANG_WARN_DIRECT_OBJC_ISA_USAGE = YES_ERROR;
				CLANG_WARN_DOCUMENTATION_COMMENTS = YES;
				CLANG_WARN_EMPTY_BODY = YES;
				CLANG_WARN_ENUM_CONVERSION = YES;
				CLANG_WARN_INFINITE_RECURSION = YES;
				CLANG_WARN_INT_CONVERSION = YES;
				CLANG_WARN_NON_LITERAL_NULL_CONVERSION = YES;
				CLANG_WARN_OBJC_IMPLICIT_RETAIN_SELF = YES;
				CLANG_WARN_OBJC_LITERAL_CONVERSION = YES;
				CLANG_WARN_OBJC_ROOT_CLASS = YES_ERROR;
				CLANG_WARN_QUOTED_INCLUDE_IN_FRAMEWORK_HEADER = YES;
				CLANG_WARN_RANGE_LOOP_ANALYSIS = YES;
				CLANG_WARN_STRICT_PROTOTYPES = YES;
				CLANG_WARN_SUSPICIOUS_MOVE = YES;
				CLANG_WARN_UNGUARDED_AVAILABILITY = YES_AGGRESSIVE;
				CLANG_WARN_UNREACHABLE_CODE = YES;
				CLANG_WARN__DUPLICATE_METHOD_MATCH = YES;
				COPY_PHASE_STRIP = NO;
				DEBUG_INFORMATION_FORMAT = "dwarf-with-dsym";
				ENABLE_NS_ASSERTIONS = NO;
				ENABLE_STRICT_OBJC_MSGSEND = YES;
				GCC_C_LANGUAGE_STANDARD = gnu11;
				GCC_NO_COMMON_BLOCKS = YES;
				GCC_WARN_64_TO_32_BIT_CONVERSION = YES;
				GCC_WARN_ABOUT_RETURN_TYPE = YES_ERROR;
				GCC_WARN_UNDECLARED_SELECTOR = YES;
				GCC_WARN_UNINITIALIZED_AUTOS = YES_AGGRESSIVE;
				GCC_WARN_UNUSED_FUNCTION = YES;
				GCC_WARN_UNUSED_VARIABLE = YES;
				IPHONEOS_DEPLOYMENT_TARGET = 16.0;
				MTL_ENABLE_DEBUG_INFO = NO;
				MTL_FAST_MATH = YES;
				SDKROOT = iphoneos;
				SWIFT_COMPILATION_MODE = wholemodule;
				SWIFT_OPTIMIZATION_LEVEL = "-O";
				VALIDATE_PRODUCT = YES;
			};
			name = Release;
		};
		37AA22692982E210008A19BF /* Debug */ = {
			isa = XCBuildConfiguration;
			buildSettings = {
				ASSETCATALOG_COMPILER_APPICON_NAME = AppIcon;
				ASSETCATALOG_COMPILER_GLOBAL_ACCENT_COLOR_NAME = AccentColor;
				CODE_SIGN_STYLE = Automatic;
				CURRENT_PROJECT_VERSION = 1;
				DEVELOPMENT_ASSET_PATHS = "\"PassionFood/Preview Content\"";
				DEVELOPMENT_TEAM = 4S4D574GC3;
				ENABLE_PREVIEWS = YES;
				GENERATE_INFOPLIST_FILE = YES;
				INFOPLIST_KEY_UIApplicationSceneManifest_Generation = YES;
				INFOPLIST_KEY_UIApplicationSupportsIndirectInputEvents = YES;
				INFOPLIST_KEY_UILaunchScreen_Generation = YES;
				INFOPLIST_KEY_UISupportedInterfaceOrientations = "UIInterfaceOrientationLandscapeLeft UIInterfaceOrientationLandscapeRight UIInterfaceOrientationPortrait UIInterfaceOrientationPortraitUpsideDown";
				IPHONEOS_DEPLOYMENT_TARGET = 16.0;
				LD_RUNPATH_SEARCH_PATHS = (
					"$(inherited)",
					"@executable_path/Frameworks",
				);
				MARKETING_VERSION = 1.0;
				PRODUCT_BUNDLE_IDENTIFIER = com.illyShelly.PassionFood;
				PRODUCT_NAME = "$(TARGET_NAME)";
				SWIFT_EMIT_LOC_STRINGS = YES;
				SWIFT_VERSION = 5.0;
				TARGETED_DEVICE_FAMILY = "1,2";
			};
			name = Debug;
		};
		37AA226A2982E210008A19BF /* Release */ = {
			isa = XCBuildConfiguration;
			buildSettings = {
				ASSETCATALOG_COMPILER_APPICON_NAME = AppIcon;
				ASSETCATALOG_COMPILER_GLOBAL_ACCENT_COLOR_NAME = AccentColor;
				CODE_SIGN_STYLE = Automatic;
				CURRENT_PROJECT_VERSION = 1;
				DEVELOPMENT_ASSET_PATHS = "\"PassionFood/Preview Content\"";
				DEVELOPMENT_TEAM = 4S4D574GC3;
				ENABLE_PREVIEWS = YES;
				GENERATE_INFOPLIST_FILE = YES;
				INFOPLIST_KEY_UIApplicationSceneManifest_Generation = YES;
				INFOPLIST_KEY_UIApplicationSupportsIndirectInputEvents = YES;
				INFOPLIST_KEY_UILaunchScreen_Generation = YES;
				INFOPLIST_KEY_UISupportedInterfaceOrientations = "UIInterfaceOrientationLandscapeLeft UIInterfaceOrientationLandscapeRight UIInterfaceOrientationPortrait UIInterfaceOrientationPortraitUpsideDown";
				IPHONEOS_DEPLOYMENT_TARGET = 16.0;
				LD_RUNPATH_SEARCH_PATHS = (
					"$(inherited)",
					"@executable_path/Frameworks",
				);
				MARKETING_VERSION = 1.0;
				PRODUCT_BUNDLE_IDENTIFIER = com.illyShelly.PassionFood;
				PRODUCT_NAME = "$(TARGET_NAME)";
				SWIFT_EMIT_LOC_STRINGS = YES;
				SWIFT_VERSION = 5.0;
				TARGETED_DEVICE_FAMILY = "1,2";
			};
			name = Release;
		};
/* End XCBuildConfiguration section */

/* Begin XCConfigurationList section */
		37AA22552982E20E008A19BF /* Build configuration list for PBXProject "PassionFood" */ = {
			isa = XCConfigurationList;
			buildConfigurations = (
				37AA22662982E210008A19BF /* Debug */,
				37AA22672982E210008A19BF /* Release */,
			);
			defaultConfigurationIsVisible = 0;
			defaultConfigurationName = Release;
		};
		37AA22682982E210008A19BF /* Build configuration list for PBXNativeTarget "PassionFood" */ = {
			isa = XCConfigurationList;
			buildConfigurations = (
				37AA22692982E210008A19BF /* Debug */,
				37AA226A2982E210008A19BF /* Release */,
			);
			defaultConfigurationIsVisible = 0;
			defaultConfigurationName = Release;
		};
/* End XCConfigurationList section */

/* Begin XCVersionGroup section */
		371F43462992E41E00D4AB29 /* BarcodePersistance.xcdatamodeld */ = {
			isa = XCVersionGroup;
			children = (
				371F43472992E41E00D4AB29 /* BarcodePersistance.xcdatamodel */,
			);
			currentVersion = 371F43472992E41E00D4AB29 /* BarcodePersistance.xcdatamodel */;
			path = BarcodePersistance.xcdatamodeld;
			sourceTree = "<group>";
			versionGroupType = wrapper.xcdatamodel;
		};
/* End XCVersionGroup section */
	};
	rootObject = 37AA22522982E20E008A19BF /* Project object */;
}
